{
  "nodes": {
    "nixpkgs": {
      "info": {
        "lastModified": 1590260119,
        "narHash": "sha256-FyStXNyx0n0/mGXGR+PUOAJMbsZ0UyNOlYEp6xqd9N8="
      },
      "locked": {
        "owner": "NixOS",
        "repo": "nixpkgs",
        "rev": "efe35454d4c4067bd519cd46be77b21c64ee03e2",
        "type": "github"
      },
      "original": {
        "id": "nixpkgs",
        "type": "indirect"
      }
    },
    "root": {
      "inputs": {
        "nixpkgs": "nixpkgs"
      }
    }
  },
  "root": "root",
  "version": 5
}
